
Microsoft Visual Studio Solution File, Format Version 12.00
# Visual Studio 15
VisualStudioVersion = 15.0.27130.2024
MinimumVisualStudioVersion = 10.0.40219.1
Project("{FAE04EC0-301F-11D3-BF4B-00C04F79EFBC}") = "SvgXF.Android", "SvgXF\SvgXF.Android\SvgXF.Android.csproj", "{270243AD-AF17-4A00-A1F8-24EC4F199FAF}"
EndProject
Project("{FAE04EC0-301F-11D3-BF4B-00C04F79EFBC}") = "SvgXF.iOS", "SvgXF\SvgXF.iOS\SvgXF.iOS.csproj", "{504BD4F8-3A8D-4C67-9C6E-11AC0F6E0C16}"
EndProject
Project("{FAE04EC0-301F-11D3-BF4B-00C04F79EFBC}") = "SvgXF.UWP", "SvgXF\SvgXF.UWP\SvgXF.UWP.csproj", "{B5FC4714-DEB1-42B3-9E20-1740CDCBB187}"
EndProject
Project("{FAE04EC0-301F-11D3-BF4B-00C04F79EFBC}") = "SvgXF", "SvgXF\SvgXF\SvgXF.csproj", "{5AE10A83-F906-43CB-AB1E-FD3CBD868C6B}"
EndProject
Global
	GlobalSection(SolutionConfigurationPlatforms) = preSolution
		Ad-Hoc|Any CPU = Ad-Hoc|Any CPU
		Ad-Hoc|ARM = Ad-Hoc|ARM
		Ad-Hoc|iPhone = Ad-Hoc|iPhone
		Ad-Hoc|iPhoneSimulator = Ad-Hoc|iPhoneSimulator
		Ad-Hoc|x64 = Ad-Hoc|x64
		Ad-Hoc|x86 = Ad-Hoc|x86
		AppStore|Any CPU = AppStore|Any CPU
		AppStore|ARM = AppStore|ARM
		AppStore|iPhone = AppStore|iPhone
		AppStore|iPhoneSimulator = AppStore|iPhoneSimulator
		AppStore|x64 = AppStore|x64
		AppStore|x86 = AppStore|x86
		Debug|Any CPU = Debug|Any CPU
		Debug|ARM = Debug|ARM
		Debug|iPhone = Debug|iPhone
		Debug|iPhoneSimulator = Debug|iPhoneSimulator
		Debug|x64 = Debug|x64
		Debug|x86 = Debug|x86
		Release|Any CPU = Release|Any CPU
		Release|ARM = Release|ARM
		Release|iPhone = Release|iPhone
		Release|iPhoneSimulator = Release|iPhoneSimulator
		Release|x64 = Release|x64
		Release|x86 = Release|x86
	EndGlobalSection
	GlobalSection(ProjectConfigurationPlatforms) = postSolution
		{270243AD-AF17-4A00-A1F8-24EC4F199FAF}.Ad-Hoc|Any CPU.ActiveCfg = Release|Any CPU
		{270243AD-AF17-4A00-A1F8-24EC4F199FAF}.Ad-Hoc|Any CPU.Build.0 = Release|Any CPU
		{270243AD-AF17-4A00-A1F8-24EC4F199FAF}.Ad-Hoc|Any CPU.Deploy.0 = Release|Any CPU
		{270243AD-AF17-4A00-A1F8-24EC4F199FAF}.Ad-Hoc|ARM.ActiveCfg = Release|Any CPU
		{270243AD-AF17-4A00-A1F8-24EC4F199FAF}.Ad-Hoc|ARM.Build.0 = Release|Any CPU
		{270243AD-AF17-4A00-A1F8-24EC4F199FAF}.Ad-Hoc|ARM.Deploy.0 = Release|Any CPU
		{270243AD-AF17-4A00-A1F8-24EC4F199FAF}.Ad-Hoc|iPhone.ActiveCfg = Release|Any CPU
		{270243AD-AF17-4A00-A1F8-24EC4F199FAF}.Ad-Hoc|iPhone.Build.0 = Release|Any CPU
		{270243AD-AF17-4A00-A1F8-24EC4F199FAF}.Ad-Hoc|iPhone.Deploy.0 = Release|Any CPU
		{270243AD-AF17-4A00-A1F8-24EC4F199FAF}.Ad-Hoc|iPhoneSimulator.ActiveCfg = Release|Any CPU
		{270243AD-AF17-4A00-A1F8-24EC4F199FAF}.Ad-Hoc|iPhoneSimulator.Build.0 = Release|Any CPU
		{270243AD-AF17-4A00-A1F8-24EC4F199FAF}.Ad-Hoc|iPhoneSimulator.Deploy.0 = Release|Any CPU
		{270243AD-AF17-4A00-A1F8-24EC4F199FAF}.Ad-Hoc|x64.ActiveCfg = Release|Any CPU
		{270243AD-AF17-4A00-A1F8-24EC4F199FAF}.Ad-Hoc|x64.Build.0 = Release|Any CPU
		{270243AD-AF17-4A00-A1F8-24EC4F199FAF}.Ad-Hoc|x64.Deploy.0 = Release|Any CPU
		{270243AD-AF17-4A00-A1F8-24EC4F199FAF}.Ad-Hoc|x86.ActiveCfg = Release|Any CPU
		{270243AD-AF17-4A00-A1F8-24EC4F199FAF}.Ad-Hoc|x86.Build.0 = Release|Any CPU
		{270243AD-AF17-4A00-A1F8-24EC4F199FAF}.Ad-Hoc|x86.Deploy.0 = Release|Any CPU
		{270243AD-AF17-4A00-A1F8-24EC4F199FAF}.AppStore|Any CPU.ActiveCfg = Release|Any CPU
		{270243AD-AF17-4A00-A1F8-24EC4F199FAF}.AppStore|Any CPU.Build.0 = Release|Any CPU
		{270243AD-AF17-4A00-A1F8-24EC4F199FAF}.AppStore|Any CPU.Deploy.0 = Release|Any CPU
		{270243AD-AF17-4A00-A1F8-24EC4F199FAF}.AppStore|ARM.ActiveCfg = Release|Any CPU
		{270243AD-AF17-4A00-A1F8-24EC4F199FAF}.AppStore|ARM.Build.0 = Release|Any CPU
		{270243AD-AF17-4A00-A1F8-24EC4F199FAF}.AppStore|ARM.Deploy.0 = Release|Any CPU
		{270243AD-AF17-4A00-A1F8-24EC4F199FAF}.AppStore|iPhone.ActiveCfg = Release|Any CPU
		{270243AD-AF17-4A00-A1F8-24EC4F199FAF}.AppStore|iPhone.Build.0 = Release|Any CPU
		{270243AD-AF17-4A00-A1F8-24EC4F199FAF}.AppStore|iPhone.Deploy.0 = Release|Any CPU
		{270243AD-AF17-4A00-A1F8-24EC4F199FAF}.AppStore|iPhoneSimulator.ActiveCfg = Release|Any CPU
		{270243AD-AF17-4A00-A1F8-24EC4F199FAF}.AppStore|iPhoneSimulator.Build.0 = Release|Any CPU
		{270243AD-AF17-4A00-A1F8-24EC4F199FAF}.AppStore|iPhoneSimulator.Deploy.0 = Release|Any CPU
		{270243AD-AF17-4A00-A1F8-24EC4F199FAF}.AppStore|x64.ActiveCfg = Release|Any CPU
		{270243AD-AF17-4A00-A1F8-24EC4F199FAF}.AppStore|x64.Build.0 = Release|Any CPU
		{270243AD-AF17-4A00-A1F8-24EC4F199FAF}.AppStore|x64.Deploy.0 = Release|Any CPU
		{270243AD-AF17-4A00-A1F8-24EC4F199FAF}.AppStore|x86.ActiveCfg = Release|Any CPU
		{270243AD-AF17-4A00-A1F8-24EC4F199FAF}.AppStore|x86.Build.0 = Release|Any CPU
		{270243AD-AF17-4A00-A1F8-24EC4F199FAF}.AppStore|x86.Deploy.0 = Release|Any CPU
		{270243AD-AF17-4A00-A1F8-24EC4F199FAF}.Debug|Any CPU.ActiveCfg = Debug|Any CPU
		{270243AD-AF17-4A00-A1F8-24EC4F199FAF}.Debug|Any CPU.Build.0 = Debug|Any CPU
		{270243AD-AF17-4A00-A1F8-24EC4F199FAF}.Debug|Any CPU.Deploy.0 = Debug|Any CPU
		{270243AD-AF17-4A00-A1F8-24EC4F199FAF}.Debug|ARM.ActiveCfg = Debug|Any CPU
		{270243AD-AF17-4A00-A1F8-24EC4F199FAF}.Debug|ARM.Build.0 = Debug|Any CPU
		{270243AD-AF17-4A00-A1F8-24EC4F199FAF}.Debug|ARM.Deploy.0 = Debug|Any CPU
		{270243AD-AF17-4A00-A1F8-24EC4F199FAF}.Debug|iPhone.ActiveCfg = Debug|Any CPU
		{270243AD-AF17-4A00-A1F8-24EC4F199FAF}.Debug|iPhone.Build.0 = Debug|Any CPU
		{270243AD-AF17-4A00-A1F8-24EC4F199FAF}.Debug|iPhone.Deploy.0 = Debug|Any CPU
		{270243AD-AF17-4A00-A1F8-24EC4F199FAF}.Debug|iPhoneSimulator.ActiveCfg = Debug|Any CPU
		{270243AD-AF17-4A00-A1F8-24EC4F199FAF}.Debug|iPhoneSimulator.Build.0 = Debug|Any CPU
		{270243AD-AF17-4A00-A1F8-24EC4F199FAF}.Debug|iPhoneSimulator.Deploy.0 = Debug|Any CPU
		{270243AD-AF17-4A00-A1F8-24EC4F199FAF}.Debug|x64.ActiveCfg = Debug|Any CPU
		{270243AD-AF17-4A00-A1F8-24EC4F199FAF}.Debug|x64.Build.0 = Debug|Any CPU
		{270243AD-AF17-4A00-A1F8-24EC4F199FAF}.Debug|x64.Deploy.0 = Debug|Any CPU
		{270243AD-AF17-4A00-A1F8-24EC4F199FAF}.Debug|x86.ActiveCfg = Debug|Any CPU
		{270243AD-AF17-4A00-A1F8-24EC4F199FAF}.Debug|x86.Build.0 = Debug|Any CPU
		{270243AD-AF17-4A00-A1F8-24EC4F199FAF}.Debug|x86.Deploy.0 = Debug|Any CPU
		{270243AD-AF17-4A00-A1F8-24EC4F199FAF}.Release|Any CPU.ActiveCfg = Release|Any CPU
		{270243AD-AF17-4A00-A1F8-24EC4F199FAF}.Release|Any CPU.Build.0 = Release|Any CPU
		{270243AD-AF17-4A00-A1F8-24EC4F199FAF}.Release|Any CPU.Deploy.0 = Release|Any CPU
		{270243AD-AF17-4A00-A1F8-24EC4F199FAF}.Release|ARM.ActiveCfg = Release|Any CPU
		{270243AD-AF17-4A00-A1F8-24EC4F199FAF}.Release|ARM.Build.0 = Release|Any CPU
		{270243AD-AF17-4A00-A1F8-24EC4F199FAF}.Release|ARM.Deploy.0 = Release|Any CPU
		{270243AD-AF17-4A00-A1F8-24EC4F199FAF}.Release|iPhone.ActiveCfg = Release|Any CPU
		{270243AD-AF17-4A00-A1F8-24EC4F199FAF}.Release|iPhone.Build.0 = Release|Any CPU
		{270243AD-AF17-4A00-A1F8-24EC4F199FAF}.Release|iPhone.Deploy.0 = Release|Any CPU
		{270243AD-AF17-4A00-A1F8-24EC4F199FAF}.Release|iPhoneSimulator.ActiveCfg = Release|Any CPU
		{270243AD-AF17-4A00-A1F8-24EC4F199FAF}.Release|iPhoneSimulator.Build.0 = Release|Any CPU
		{270243AD-AF17-4A00-A1F8-24EC4F199FAF}.Release|iPhoneSimulator.Deploy.0 = Release|Any CPU
		{270243AD-AF17-4A00-A1F8-24EC4F199FAF}.Release|x64.ActiveCfg = Release|Any CPU
		{270243AD-AF17-4A00-A1F8-24EC4F199FAF}.Release|x64.Build.0 = Release|Any CPU
		{270243AD-AF17-4A00-A1F8-24EC4F199FAF}.Release|x64.Deploy.0 = Release|Any CPU
		{270243AD-AF17-4A00-A1F8-24EC4F199FAF}.Release|x86.ActiveCfg = Release|Any CPU
		{270243AD-AF17-4A00-A1F8-24EC4F199FAF}.Release|x86.Build.0 = Release|Any CPU
		{270243AD-AF17-4A00-A1F8-24EC4F199FAF}.Release|x86.Deploy.0 = Release|Any CPU
		{504BD4F8-3A8D-4C67-9C6E-11AC0F6E0C16}.Ad-Hoc|Any CPU.ActiveCfg = Ad-Hoc|iPhone
		{504BD4F8-3A8D-4C67-9C6E-11AC0F6E0C16}.Ad-Hoc|ARM.ActiveCfg = Ad-Hoc|iPhone
		{504BD4F8-3A8D-4C67-9C6E-11AC0F6E0C16}.Ad-Hoc|iPhone.ActiveCfg = Ad-Hoc|iPhone
		{504BD4F8-3A8D-4C67-9C6E-11AC0F6E0C16}.Ad-Hoc|iPhone.Build.0 = Ad-Hoc|iPhone
		{504BD4F8-3A8D-4C67-9C6E-11AC0F6E0C16}.Ad-Hoc|iPhoneSimulator.ActiveCfg = Ad-Hoc|iPhoneSimulator
		{504BD4F8-3A8D-4C67-9C6E-11AC0F6E0C16}.Ad-Hoc|iPhoneSimulator.Build.0 = Ad-Hoc|iPhoneSimulator
		{504BD4F8-3A8D-4C67-9C6E-11AC0F6E0C16}.Ad-Hoc|x64.ActiveCfg = Ad-Hoc|iPhone
		{504BD4F8-3A8D-4C67-9C6E-11AC0F6E0C16}.Ad-Hoc|x86.ActiveCfg = Ad-Hoc|iPhone
		{504BD4F8-3A8D-4C67-9C6E-11AC0F6E0C16}.AppStore|Any CPU.ActiveCfg = AppStore|iPhone
		{504BD4F8-3A8D-4C67-9C6E-11AC0F6E0C16}.AppStore|ARM.ActiveCfg = AppStore|iPhone
		{504BD4F8-3A8D-4C67-9C6E-11AC0F6E0C16}.AppStore|iPhone.ActiveCfg = AppStore|iPhone
		{504BD4F8-3A8D-4C67-9C6E-11AC0F6E0C16}.AppStore|iPhone.Build.0 = AppStore|iPhone
		{504BD4F8-3A8D-4C67-9C6E-11AC0F6E0C16}.AppStore|iPhoneSimulator.ActiveCfg = AppStore|iPhoneSimulator
		{504BD4F8-3A8D-4C67-9C6E-11AC0F6E0C16}.AppStore|iPhoneSimulator.Build.0 = AppStore|iPhoneSimulator
		{504BD4F8-3A8D-4C67-9C6E-11AC0F6E0C16}.AppStore|x64.ActiveCfg = AppStore|iPhone
		{504BD4F8-3A8D-4C67-9C6E-11AC0F6E0C16}.AppStore|x86.ActiveCfg = AppStore|iPhone
		{504BD4F8-3A8D-4C67-9C6E-11AC0F6E0C16}.Debug|Any CPU.ActiveCfg = Debug|iPhone
		{504BD4F8-3A8D-4C67-9C6E-11AC0F6E0C16}.Debug|ARM.ActiveCfg = Debug|iPhone
		{504BD4F8-3A8D-4C67-9C6E-11AC0F6E0C16}.Debug|iPhone.ActiveCfg = Debug|iPhone
		{504BD4F8-3A8D-4C67-9C6E-11AC0F6E0C16}.Debug|iPhone.Build.0 = Debug|iPhone
		{504BD4F8-3A8D-4C67-9C6E-11AC0F6E0C16}.Debug|iPhoneSimulator.ActiveCfg = Debug|iPhoneSimulator
		{504BD4F8-3A8D-4C67-9C6E-11AC0F6E0C16}.Debug|iPhoneSimulator.Build.0 = Debug|iPhoneSimulator
		{504BD4F8-3A8D-4C67-9C6E-11AC0F6E0C16}.Debug|x64.ActiveCfg = Debug|iPhone
		{504BD4F8-3A8D-4C67-9C6E-11AC0F6E0C16}.Debug|x86.ActiveCfg = Debug|iPhone
		{504BD4F8-3A8D-4C67-9C6E-11AC0F6E0C16}.Release|Any CPU.ActiveCfg = Release|iPhone
		{504BD4F8-3A8D-4C67-9C6E-11AC0F6E0C16}.Release|ARM.ActiveCfg = Release|iPhone
		{504BD4F8-3A8D-4C67-9C6E-11AC0F6E0C16}.Release|iPhone.ActiveCfg = Release|iPhone
		{504BD4F8-3A8D-4C67-9C6E-11AC0F6E0C16}.Release|iPhone.Build.0 = Release|iPhone
		{504BD4F8-3A8D-4C67-9C6E-11AC0F6E0C16}.Release|iPhoneSimulator.ActiveCfg = Release|iPhoneSimulator
		{504BD4F8-3A8D-4C67-9C6E-11AC0F6E0C16}.Release|iPhoneSimulator.Build.0 = Release|iPhoneSimulator
		{504BD4F8-3A8D-4C67-9C6E-11AC0F6E0C16}.Release|x64.ActiveCfg = Release|iPhone
		{504BD4F8-3A8D-4C67-9C6E-11AC0F6E0C16}.Release|x86.ActiveCfg = Release|iPhone
		{B5FC4714-DEB1-42B3-9E20-1740CDCBB187}.Ad-Hoc|Any CPU.ActiveCfg = Release|x86
		{B5FC4714-DEB1-42B3-9E20-1740CDCBB187}.Ad-Hoc|Any CPU.Build.0 = Release|x86
		{B5FC4714-DEB1-42B3-9E20-1740CDCBB187}.Ad-Hoc|Any CPU.Deploy.0 = Release|x86
		{B5FC4714-DEB1-42B3-9E20-1740CDCBB187}.Ad-Hoc|ARM.ActiveCfg = Release|ARM
		{B5FC4714-DEB1-42B3-9E20-1740CDCBB187}.Ad-Hoc|ARM.Build.0 = Release|ARM
		{B5FC4714-DEB1-42B3-9E20-1740CDCBB187}.Ad-Hoc|ARM.Deploy.0 = Release|ARM
		{B5FC4714-DEB1-42B3-9E20-1740CDCBB187}.Ad-Hoc|iPhone.ActiveCfg = Release|x86
		{B5FC4714-DEB1-42B3-9E20-1740CDCBB187}.Ad-Hoc|iPhone.Build.0 = Release|x86
		{B5FC4714-DEB1-42B3-9E20-1740CDCBB187}.Ad-Hoc|iPhone.Deploy.0 = Release|x86
		{B5FC4714-DEB1-42B3-9E20-1740CDCBB187}.Ad-Hoc|iPhoneSimulator.ActiveCfg = Release|x86
		{B5FC4714-DEB1-42B3-9E20-1740CDCBB187}.Ad-Hoc|iPhoneSimulator.Build.0 = Release|x86
		{B5FC4714-DEB1-42B3-9E20-1740CDCBB187}.Ad-Hoc|iPhoneSimulator.Deploy.0 = Release|x86
		{B5FC4714-DEB1-42B3-9E20-1740CDCBB187}.Ad-Hoc|x64.ActiveCfg = Release|x64
		{B5FC4714-DEB1-42B3-9E20-1740CDCBB187}.Ad-Hoc|x64.Build.0 = Release|x64
		{B5FC4714-DEB1-42B3-9E20-1740CDCBB187}.Ad-Hoc|x64.Deploy.0 = Release|x64
		{B5FC4714-DEB1-42B3-9E20-1740CDCBB187}.Ad-Hoc|x86.ActiveCfg = Release|x86
		{B5FC4714-DEB1-42B3-9E20-1740CDCBB187}.Ad-Hoc|x86.Build.0 = Release|x86
		{B5FC4714-DEB1-42B3-9E20-1740CDCBB187}.Ad-Hoc|x86.Deploy.0 = Release|x86
		{B5FC4714-DEB1-42B3-9E20-1740CDCBB187}.AppStore|Any CPU.ActiveCfg = Release|x86
		{B5FC4714-DEB1-42B3-9E20-1740CDCBB187}.AppStore|Any CPU.Build.0 = Release|x86
		{B5FC4714-DEB1-42B3-9E20-1740CDCBB187}.AppStore|Any CPU.Deploy.0 = Release|x86
		{B5FC4714-DEB1-42B3-9E20-1740CDCBB187}.AppStore|ARM.ActiveCfg = Release|ARM
		{B5FC4714-DEB1-42B3-9E20-1740CDCBB187}.AppStore|ARM.Build.0 = Release|ARM
		{B5FC4714-DEB1-42B3-9E20-1740CDCBB187}.AppStore|ARM.Deploy.0 = Release|ARM
		{B5FC4714-DEB1-42B3-9E20-1740CDCBB187}.AppStore|iPhone.ActiveCfg = Release|x86
		{B5FC4714-DEB1-42B3-9E20-1740CDCBB187}.AppStore|iPhone.Build.0 = Release|x86
		{B5FC4714-DEB1-42B3-9E20-1740CDCBB187}.AppStore|iPhone.Deploy.0 = Release|x86
		{B5FC4714-DEB1-42B3-9E20-1740CDCBB187}.AppStore|iPhoneSimulator.ActiveCfg = Release|x86
		{B5FC4714-DEB1-42B3-9E20-1740CDCBB187}.AppStore|iPhoneSimulator.Build.0 = Release|x86
		{B5FC4714-DEB1-42B3-9E20-1740CDCBB187}.AppStore|iPhoneSimulator.Deploy.0 = Release|x86
		{B5FC4714-DEB1-42B3-9E20-1740CDCBB187}.AppStore|x64.ActiveCfg = Release|x64
		{B5FC4714-DEB1-42B3-9E20-1740CDCBB187}.AppStore|x64.Build.0 = Release|x64
		{B5FC4714-DEB1-42B3-9E20-1740CDCBB187}.AppStore|x64.Deploy.0 = Release|x64
		{B5FC4714-DEB1-42B3-9E20-1740CDCBB187}.AppStore|x86.ActiveCfg = Release|x86
		{B5FC4714-DEB1-42B3-9E20-1740CDCBB187}.AppStore|x86.Build.0 = Release|x86
		{B5FC4714-DEB1-42B3-9E20-1740CDCBB187}.AppStore|x86.Deploy.0 = Release|x86
		{B5FC4714-DEB1-42B3-9E20-1740CDCBB187}.Debug|Any CPU.ActiveCfg = Debug|x86
		{B5FC4714-DEB1-42B3-9E20-1740CDCBB187}.Debug|ARM.ActiveCfg = Debug|ARM
		{B5FC4714-DEB1-42B3-9E20-1740CDCBB187}.Debug|ARM.Build.0 = Debug|ARM
		{B5FC4714-DEB1-42B3-9E20-1740CDCBB187}.Debug|ARM.Deploy.0 = Debug|ARM
		{B5FC4714-DEB1-42B3-9E20-1740CDCBB187}.Debug|iPhone.ActiveCfg = Debug|x86
		{B5FC4714-DEB1-42B3-9E20-1740CDCBB187}.Debug|iPhoneSimulator.ActiveCfg = Debug|x86
		{B5FC4714-DEB1-42B3-9E20-1740CDCBB187}.Debug|x64.ActiveCfg = Debug|x64
		{B5FC4714-DEB1-42B3-9E20-1740CDCBB187}.Debug|x64.Build.0 = Debug|x64
		{B5FC4714-DEB1-42B3-9E20-1740CDCBB187}.Debug|x64.Deploy.0 = Debug|x64
		{B5FC4714-DEB1-42B3-9E20-1740CDCBB187}.Debug|x86.ActiveCfg = Debug|x86
		{B5FC4714-DEB1-42B3-9E20-1740CDCBB187}.Debug|x86.Build.0 = Debug|x86
		{B5FC4714-DEB1-42B3-9E20-1740CDCBB187}.Debug|x86.Deploy.0 = Debug|x86
		{B5FC4714-DEB1-42B3-9E20-1740CDCBB187}.Release|Any CPU.ActiveCfg = Release|x86
		{B5FC4714-DEB1-42B3-9E20-1740CDCBB187}.Release|ARM.ActiveCfg = Release|ARM
		{B5FC4714-DEB1-42B3-9E20-1740CDCBB187}.Release|ARM.Build.0 = Release|ARM
		{B5FC4714-DEB1-42B3-9E20-1740CDCBB187}.Release|ARM.Deploy.0 = Release|ARM
		{B5FC4714-DEB1-42B3-9E20-1740CDCBB187}.Release|iPhone.ActiveCfg = Release|x86
		{B5FC4714-DEB1-42B3-9E20-1740CDCBB187}.Release|iPhoneSimulator.ActiveCfg = Release|x86
		{B5FC4714-DEB1-42B3-9E20-1740CDCBB187}.Release|x64.ActiveCfg = Release|x64
		{B5FC4714-DEB1-42B3-9E20-1740CDCBB187}.Release|x64.Build.0 = Release|x64
		{B5FC4714-DEB1-42B3-9E20-1740CDCBB187}.Release|x64.Deploy.0 = Release|x64
		{B5FC4714-DEB1-42B3-9E20-1740CDCBB187}.Release|x86.ActiveCfg = Release|x86
		{B5FC4714-DEB1-42B3-9E20-1740CDCBB187}.Release|x86.Build.0 = Release|x86
		{B5FC4714-DEB1-42B3-9E20-1740CDCBB187}.Release|x86.Deploy.0 = Release|x86
		{5AE10A83-F906-43CB-AB1E-FD3CBD868C6B}.Ad-Hoc|Any CPU.ActiveCfg = Debug|Any CPU
		{5AE10A83-F906-43CB-AB1E-FD3CBD868C6B}.Ad-Hoc|Any CPU.Build.0 = Debug|Any CPU
		{5AE10A83-F906-43CB-AB1E-FD3CBD868C6B}.Ad-Hoc|ARM.ActiveCfg = Debug|Any CPU
		{5AE10A83-F906-43CB-AB1E-FD3CBD868C6B}.Ad-Hoc|ARM.Build.0 = Debug|Any CPU
		{5AE10A83-F906-43CB-AB1E-FD3CBD868C6B}.Ad-Hoc|iPhone.ActiveCfg = Debug|Any CPU
		{5AE10A83-F906-43CB-AB1E-FD3CBD868C6B}.Ad-Hoc|iPhone.Build.0 = Debug|Any CPU
		{5AE10A83-F906-43CB-AB1E-FD3CBD868C6B}.Ad-Hoc|iPhoneSimulator.ActiveCfg = Debug|Any CPU
		{5AE10A83-F906-43CB-AB1E-FD3CBD868C6B}.Ad-Hoc|iPhoneSimulator.Build.0 = Debug|Any CPU
		{5AE10A83-F906-43CB-AB1E-FD3CBD868C6B}.Ad-Hoc|x64.ActiveCfg = Debug|Any CPU
		{5AE10A83-F906-43CB-AB1E-FD3CBD868C6B}.Ad-Hoc|x64.Build.0 = Debug|Any CPU
		{5AE10A83-F906-43CB-AB1E-FD3CBD868C6B}.Ad-Hoc|x86.ActiveCfg = Debug|Any CPU
		{5AE10A83-F906-43CB-AB1E-FD3CBD868C6B}.Ad-Hoc|x86.Build.0 = Debug|Any CPU
		{5AE10A83-F906-43CB-AB1E-FD3CBD868C6B}.AppStore|Any CPU.ActiveCfg = Debug|Any CPU
		{5AE10A83-F906-43CB-AB1E-FD3CBD868C6B}.AppStore|Any CPU.Build.0 = Debug|Any CPU
		{5AE10A83-F906-43CB-AB1E-FD3CBD868C6B}.AppStore|ARM.ActiveCfg = Debug|Any CPU
		{5AE10A83-F906-43CB-AB1E-FD3CBD868C6B}.AppStore|ARM.Build.0 = Debug|Any CPU
		{5AE10A83-F906-43CB-AB1E-FD3CBD868C6B}.AppStore|iPhone.ActiveCfg = Debug|Any CPU
		{5AE10A83-F906-43CB-AB1E-FD3CBD868C6B}.AppStore|iPhone.Build.0 = Debug|Any CPU
		{5AE10A83-F906-43CB-AB1E-FD3CBD868C6B}.AppStore|iPhoneSimulator.ActiveCfg = Debug|Any CPU
		{5AE10A83-F906-43CB-AB1E-FD3CBD868C6B}.AppStore|iPhoneSimulator.Build.0 = Debug|Any CPU
		{5AE10A83-F906-43CB-AB1E-FD3CBD868C6B}.AppStore|x64.ActiveCfg = Debug|Any CPU
		{5AE10A83-F906-43CB-AB1E-FD3CBD868C6B}.AppStore|x64.Build.0 = Debug|Any CPU
		{5AE10A83-F906-43CB-AB1E-FD3CBD868C6B}.AppStore|x86.ActiveCfg = Debug|Any CPU
		{5AE10A83-F906-43CB-AB1E-FD3CBD868C6B}.AppStore|x86.Build.0 = Debug|Any CPU
		{5AE10A83-F906-43CB-AB1E-FD3CBD868C6B}.Debug|Any CPU.ActiveCfg = Debug|Any CPU
		{5AE10A83-F906-43CB-AB1E-FD3CBD868C6B}.Debug|Any CPU.Build.0 = Debug|Any CPU
		{5AE10A83-F906-43CB-AB1E-FD3CBD868C6B}.Debug|ARM.ActiveCfg = Debug|Any CPU
		{5AE10A83-F906-43CB-AB1E-FD3CBD868C6B}.Debug|ARM.Build.0 = Debug|Any CPU
		{5AE10A83-F906-43CB-AB1E-FD3CBD868C6B}.Debug|iPhone.ActiveCfg = Debug|Any CPU
		{5AE10A83-F906-43CB-AB1E-FD3CBD868C6B}.Debug|iPhone.Build.0 = Debug|Any CPU
		{5AE10A83-F906-43CB-AB1E-FD3CBD868C6B}.Debug|iPhoneSimulator.ActiveCfg = Debug|Any CPU
		{5AE10A83-F906-43CB-AB1E-FD3CBD868C6B}.Debug|iPhoneSimulator.Build.0 = Debug|Any CPU
		{5AE10A83-F906-43CB-AB1E-FD3CBD868C6B}.Debug|x64.ActiveCfg = Debug|Any CPU
		{5AE10A83-F906-43CB-AB1E-FD3CBD868C6B}.Debug|x64.Build.0 = Debug|Any CPU
		{5AE10A83-F906-43CB-AB1E-FD3CBD868C6B}.Debug|x86.ActiveCfg = Debug|Any CPU
		{5AE10A83-F906-43CB-AB1E-FD3CBD868C6B}.Debug|x86.Build.0 = Debug|Any CPU
		{5AE10A83-F906-43CB-AB1E-FD3CBD868C6B}.Release|Any CPU.ActiveCfg = Release|Any CPU
		{5AE10A83-F906-43CB-AB1E-FD3CBD868C6B}.Release|Any CPU.Build.0 = Release|Any CPU
		{5AE10A83-F906-43CB-AB1E-FD3CBD868C6B}.Release|ARM.ActiveCfg = Release|Any CPU
		{5AE10A83-F906-43CB-AB1E-FD3CBD868C6B}.Release|ARM.Build.0 = Release|Any CPU
		{5AE10A83-F906-43CB-AB1E-FD3CBD868C6B}.Release|iPhone.ActiveCfg = Release|Any CPU
		{5AE10A83-F906-43CB-AB1E-FD3CBD868C6B}.Release|iPhone.Build.0 = Release|Any CPU
		{5AE10A83-F906-43CB-AB1E-FD3CBD868C6B}.Release|iPhoneSimulator.ActiveCfg = Release|Any CPU
		{5AE10A83-F906-43CB-AB1E-FD3CBD868C6B}.Release|iPhoneSimulator.Build.0 = Release|Any CPU
		{5AE10A83-F906-43CB-AB1E-FD3CBD868C6B}.Release|x64.ActiveCfg = Release|Any CPU
		{5AE10A83-F906-43CB-AB1E-FD3CBD868C6B}.Release|x64.Build.0 = Release|Any CPU
		{5AE10A83-F906-43CB-AB1E-FD3CBD868C6B}.Release|x86.ActiveCfg = Release|Any CPU
		{5AE10A83-F906-43CB-AB1E-FD3CBD868C6B}.Release|x86.Build.0 = Release|Any CPU
	EndGlobalSection
	GlobalSection(SolutionProperties) = preSolution
		HideSolutionNode = FALSE
	EndGlobalSection
	GlobalSection(ExtensibilityGlobals) = postSolution
		SolutionGuid = {1A710DAC-0AD1-4164-9DF2-2F89BB7FC790}
	EndGlobalSection
EndGlobal
